// !$*UTF8*$!
{
	archiveVersion = 1;
	classes = {
	};
	objectVersion = 46;
	objects = {

/* Begin PBXBuildFile section */
		C21E636319EC812000EAFD7F /* libAlbums.a in Frameworks */ = {isa = PBXBuildFile; fileRef = C21E635719EC812000EAFD7F /* libAlbums.a */; };
		C21E637519EC82CA00EAFD7F /* TDD_NetworkResponse.m in Sources */ = {isa = PBXBuildFile; fileRef = C21E637419EC82CA00EAFD7F /* TDD_NetworkResponse.m */; };
		C21E637819EC842700EAFD7F /* TDD_NetworkJSONHandler.m in Sources */ = {isa = PBXBuildFile; fileRef = C21E637719EC842700EAFD7F /* TDD_NetworkJSONHandler.m */; };
		C21E637919EC842700EAFD7F /* TDD_NetworkJSONHandler.m in Sources */ = {isa = PBXBuildFile; fileRef = C21E637719EC842700EAFD7F /* TDD_NetworkJSONHandler.m */; };
		C21E638019EC85B400EAFD7F /* NetworkJSONHandlerTestCase.swift in Sources */ = {isa = PBXBuildFile; fileRef = C21E637F19EC85B400EAFD7F /* NetworkJSONHandlerTestCase.swift */; };
		C21E638119EC898500EAFD7F /* TDD_NetworkResponse.m in Sources */ = {isa = PBXBuildFile; fileRef = C21E637419EC82CA00EAFD7F /* TDD_NetworkResponse.m */; };
		C21E638319EC8A1600EAFD7F /* Shared.swift in Sources */ = {isa = PBXBuildFile; fileRef = C21E638219EC8A1600EAFD7F /* Shared.swift */; };
		C2AD262D19EDD6F700BF9DF3 /* NSURLResponse+TDD.m in Sources */ = {isa = PBXBuildFile; fileRef = C2AD262C19EDD6F700BF9DF3 /* NSURLResponse+TDD.m */; };
		C2AD262E19EDD6F700BF9DF3 /* NSURLResponse+TDD.m in Sources */ = {isa = PBXBuildFile; fileRef = C2AD262C19EDD6F700BF9DF3 /* NSURLResponse+TDD.m */; };
/* End PBXBuildFile section */

/* Begin PBXContainerItemProxy section */
		C21E636419EC812000EAFD7F /* PBXContainerItemProxy */ = {
			isa = PBXContainerItemProxy;
			containerPortal = C21E634F19EC812000EAFD7F /* Project object */;
			proxyType = 1;
			remoteGlobalIDString = C21E635619EC812000EAFD7F;
			remoteInfo = Albums;
		};
/* End PBXContainerItemProxy section */

/* Begin PBXCopyFilesBuildPhase section */
		C21E635519EC812000EAFD7F /* CopyFiles */ = {
			isa = PBXCopyFilesBuildPhase;
			buildActionMask = 2147483647;
			dstPath = "include/$(PRODUCT_NAME)";
			dstSubfolderSpec = 16;
			files = (
			);
			runOnlyForDeploymentPostprocessing = 0;
		};
/* End PBXCopyFilesBuildPhase section */

/* Begin PBXFileReference section */
		C21E635719EC812000EAFD7F /* libAlbums.a */ = {isa = PBXFileReference; explicitFileType = archive.ar; includeInIndex = 0; path = libAlbums.a; sourceTree = BUILT_PRODUCTS_DIR; };
		C21E636219EC812000EAFD7F /* AlbumsTests.xctest */ = {isa = PBXFileReference; explicitFileType = wrapper.cfbundle; includeInIndex = 0; path = AlbumsTests.xctest; sourceTree = BUILT_PRODUCTS_DIR; };
		C21E636819EC812000EAFD7F /* Info.plist */ = {isa = PBXFileReference; lastKnownFileType = text.plist.xml; path = Info.plist; sourceTree = "<group>"; };
		C21E637319EC82CA00EAFD7F /* TDD_NetworkResponse.h */ = {isa = PBXFileReference; fileEncoding = 4; lastKnownFileType = sourcecode.c.h; path = TDD_NetworkResponse.h; sourceTree = SOURCE_ROOT; };
		C21E637419EC82CA00EAFD7F /* TDD_NetworkResponse.m */ = {isa = PBXFileReference; fileEncoding = 4; lastKnownFileType = sourcecode.c.objc; path = TDD_NetworkResponse.m; sourceTree = SOURCE_ROOT; };
		C21E637619EC842700EAFD7F /* TDD_NetworkJSONHandler.h */ = {isa = PBXFileReference; fileEncoding = 4; lastKnownFileType = sourcecode.c.h; path = TDD_NetworkJSONHandler.h; sourceTree = SOURCE_ROOT; };
		C21E637719EC842700EAFD7F /* TDD_NetworkJSONHandler.m */ = {isa = PBXFileReference; fileEncoding = 4; lastKnownFileType = sourcecode.c.objc; path = TDD_NetworkJSONHandler.m; sourceTree = SOURCE_ROOT; };
		C21E637B19EC84AD00EAFD7F /* AlbumsTests-Bridging-Header.h */ = {isa = PBXFileReference; lastKnownFileType = sourcecode.c.h; path = "AlbumsTests-Bridging-Header.h"; sourceTree = "<group>"; };
		C21E637F19EC85B400EAFD7F /* NetworkJSONHandlerTestCase.swift */ = {isa = PBXFileReference; fileEncoding = 4; lastKnownFileType = sourcecode.swift; path = NetworkJSONHandlerTestCase.swift; sourceTree = "<group>"; };
		C21E638219EC8A1600EAFD7F /* Shared.swift */ = {isa = PBXFileReference; fileEncoding = 4; lastKnownFileType = sourcecode.swift; path = Shared.swift; sourceTree = "<group>"; };
		C2AD262B19EDD6F700BF9DF3 /* NSURLResponse+TDD.h */ = {isa = PBXFileReference; fileEncoding = 4; lastKnownFileType = sourcecode.c.h; path = "NSURLResponse+TDD.h"; sourceTree = SOURCE_ROOT; };
		C2AD262C19EDD6F700BF9DF3 /* NSURLResponse+TDD.m */ = {isa = PBXFileReference; fileEncoding = 4; lastKnownFileType = sourcecode.c.objc; path = "NSURLResponse+TDD.m"; sourceTree = SOURCE_ROOT; };
/* End PBXFileReference section */

/* Begin PBXFrameworksBuildPhase section */
		C21E635419EC812000EAFD7F /* Frameworks */ = {
			isa = PBXFrameworksBuildPhase;
			buildActionMask = 2147483647;
			files = (
			);
			runOnlyForDeploymentPostprocessing = 0;
		};
		C21E635F19EC812000EAFD7F /* Frameworks */ = {
			isa = PBXFrameworksBuildPhase;
			buildActionMask = 2147483647;
			files = (
				C21E636319EC812000EAFD7F /* libAlbums.a in Frameworks */,
			);
			runOnlyForDeploymentPostprocessing = 0;
		};
/* End PBXFrameworksBuildPhase section */

/* Begin PBXGroup section */
		C21E634E19EC812000EAFD7F = {
			isa = PBXGroup;
			children = (
				C21E635919EC812000EAFD7F /* Albums */,
				C21E636619EC812000EAFD7F /* AlbumsTests */,
				C21E635819EC812000EAFD7F /* Products */,
			);
			sourceTree = "<group>";
		};
		C21E635819EC812000EAFD7F /* Products */ = {
			isa = PBXGroup;
			children = (
				C21E635719EC812000EAFD7F /* libAlbums.a */,
				C21E636219EC812000EAFD7F /* AlbumsTests.xctest */,
			);
			name = Products;
			sourceTree = "<group>";
		};
		C21E635919EC812000EAFD7F /* Albums */ = {
			isa = PBXGroup;
			children = (
				C2AD262A19EDD68900BF9DF3 /* Categories */,
				C21E637219EC827F00EAFD7F /* Network */,
			);
			path = Albums;
			sourceTree = "<group>";
		};
		C21E636619EC812000EAFD7F /* AlbumsTests */ = {
			isa = PBXGroup;
			children = (
				C21E637119EC822D00EAFD7F /* Network */,
				C21E636719EC812000EAFD7F /* Supporting Files */,
				C21E638419EC8A2700EAFD7F /* Shared */,
			);
			path = AlbumsTests;
			sourceTree = "<group>";
		};
		C21E636719EC812000EAFD7F /* Supporting Files */ = {
			isa = PBXGroup;
			children = (
				C21E636819EC812000EAFD7F /* Info.plist */,
				C21E637B19EC84AD00EAFD7F /* AlbumsTests-Bridging-Header.h */,
			);
			name = "Supporting Files";
			sourceTree = "<group>";
		};
		C21E637119EC822D00EAFD7F /* Network */ = {
			isa = PBXGroup;
			children = (
				C21E637F19EC85B400EAFD7F /* NetworkJSONHandlerTestCase.swift */,
			);
			name = Network;
			sourceTree = "<group>";
		};
		C21E637219EC827F00EAFD7F /* Network */ = {
			isa = PBXGroup;
			children = (
				C21E637319EC82CA00EAFD7F /* TDD_NetworkResponse.h */,
				C21E637419EC82CA00EAFD7F /* TDD_NetworkResponse.m */,
				C21E637619EC842700EAFD7F /* TDD_NetworkJSONHandler.h */,
				C21E637719EC842700EAFD7F /* TDD_NetworkJSONHandler.m */,
			);
			name = Network;
			sourceTree = "<group>";
		};
		C21E638419EC8A2700EAFD7F /* Shared */ = {
			isa = PBXGroup;
			children = (
				C21E638219EC8A1600EAFD7F /* Shared.swift */,
			);
			name = Shared;
			sourceTree = "<group>";
		};
		C2AD262A19EDD68900BF9DF3 /* Categories */ = {
			isa = PBXGroup;
			children = (
				C2AD262B19EDD6F700BF9DF3 /* NSURLResponse+TDD.h */,
				C2AD262C19EDD6F700BF9DF3 /* NSURLResponse+TDD.m */,
			);
			name = Categories;
			sourceTree = "<group>";
		};
/* End PBXGroup section */

/* Begin PBXNativeTarget section */
		C21E635619EC812000EAFD7F /* Albums */ = {
			isa = PBXNativeTarget;
			buildConfigurationList = C21E636B19EC812000EAFD7F /* Build configuration list for PBXNativeTarget "Albums" */;
			buildPhases = (
				C21E635319EC812000EAFD7F /* Sources */,
				C21E635419EC812000EAFD7F /* Frameworks */,
				C21E635519EC812000EAFD7F /* CopyFiles */,
			);
			buildRules = (
			);
			dependencies = (
			);
			name = Albums;
			productName = Albums;
			productReference = C21E635719EC812000EAFD7F /* libAlbums.a */;
			productType = "com.apple.product-type.library.static";
		};
		C21E636119EC812000EAFD7F /* AlbumsTests */ = {
			isa = PBXNativeTarget;
			buildConfigurationList = C21E636E19EC812000EAFD7F /* Build configuration list for PBXNativeTarget "AlbumsTests" */;
			buildPhases = (
				C21E635E19EC812000EAFD7F /* Sources */,
				C21E635F19EC812000EAFD7F /* Frameworks */,
				C21E636019EC812000EAFD7F /* Resources */,
			);
			buildRules = (
			);
			dependencies = (
				C21E636519EC812000EAFD7F /* PBXTargetDependency */,
			);
			name = AlbumsTests;
			productName = AlbumsTests;
			productReference = C21E636219EC812000EAFD7F /* AlbumsTests.xctest */;
			productType = "com.apple.product-type.bundle.unit-test";
		};
/* End PBXNativeTarget section */

/* Begin PBXProject section */
		C21E634F19EC812000EAFD7F /* Project object */ = {
			isa = PBXProject;
			attributes = {
				LastUpgradeCheck = 0610;
				ORGANIZATIONNAME = Himanshu;
				TargetAttributes = {
					C21E635619EC812000EAFD7F = {
						CreatedOnToolsVersion = 6.1;
					};
					C21E636119EC812000EAFD7F = {
						CreatedOnToolsVersion = 6.1;
					};
				};
			};
			buildConfigurationList = C21E635219EC812000EAFD7F /* Build configuration list for PBXProject "Albums" */;
			compatibilityVersion = "Xcode 3.2";
			developmentRegion = English;
			hasScannedForEncodings = 0;
			knownRegions = (
				en,
			);
			mainGroup = C21E634E19EC812000EAFD7F;
			productRefGroup = C21E635819EC812000EAFD7F /* Products */;
			projectDirPath = "";
			projectRoot = "";
			targets = (
				C21E635619EC812000EAFD7F /* Albums */,
				C21E636119EC812000EAFD7F /* AlbumsTests */,
			);
		};
/* End PBXProject section */

/* Begin PBXResourcesBuildPhase section */
		C21E636019EC812000EAFD7F /* Resources */ = {
			isa = PBXResourcesBuildPhase;
			buildActionMask = 2147483647;
			files = (
			);
			runOnlyForDeploymentPostprocessing = 0;
		};
/* End PBXResourcesBuildPhase section */

/* Begin PBXSourcesBuildPhase section */
		C21E635319EC812000EAFD7F /* Sources */ = {
			isa = PBXSourcesBuildPhase;
			buildActionMask = 2147483647;
			files = (
				C2AD262D19EDD6F700BF9DF3 /* NSURLResponse+TDD.m in Sources */,
				C21E637819EC842700EAFD7F /* TDD_NetworkJSONHandler.m in Sources */,
				C21E637519EC82CA00EAFD7F /* TDD_NetworkResponse.m in Sources */,
			);
			runOnlyForDeploymentPostprocessing = 0;
		};
		C21E635E19EC812000EAFD7F /* Sources */ = {
			isa = PBXSourcesBuildPhase;
			buildActionMask = 2147483647;
			files = (
				C21E638019EC85B400EAFD7F /* NetworkJSONHandlerTestCase.swift in Sources */,
				C21E637919EC842700EAFD7F /* TDD_NetworkJSONHandler.m in Sources */,
				C21E638319EC8A1600EAFD7F /* Shared.swift in Sources */,
				C2AD262E19EDD6F700BF9DF3 /* NSURLResponse+TDD.m in Sources */,
				C21E638119EC898500EAFD7F /* TDD_NetworkResponse.m in Sources */,
			);
			runOnlyForDeploymentPostprocessing = 0;
		};
/* End PBXSourcesBuildPhase section */

/* Begin PBXTargetDependency section */
		C21E636519EC812000EAFD7F /* PBXTargetDependency */ = {
			isa = PBXTargetDependency;
			target = C21E635619EC812000EAFD7F /* Albums */;
			targetProxy = C21E636419EC812000EAFD7F /* PBXContainerItemProxy */;
		};
/* End PBXTargetDependency section */

/* Begin XCBuildConfiguration section */
		C21E636919EC812000EAFD7F /* Debug */ = {
			isa = XCBuildConfiguration;
			buildSettings = {
				ALWAYS_SEARCH_USER_PATHS = NO;
				CLANG_CXX_LANGUAGE_STANDARD = "gnu++0x";
				CLANG_CXX_LIBRARY = "libc++";
				CLANG_ENABLE_MODULES = YES;
				CLANG_ENABLE_OBJC_ARC = YES;
				CLANG_WARN_BOOL_CONVERSION = YES;
				CLANG_WARN_CONSTANT_CONVERSION = YES;
				CLANG_WARN_DIRECT_OBJC_ISA_USAGE = YES_ERROR;
				CLANG_WARN_EMPTY_BODY = YES;
				CLANG_WARN_ENUM_CONVERSION = YES;
				CLANG_WARN_INT_CONVERSION = YES;
				CLANG_WARN_OBJC_ROOT_CLASS = YES_ERROR;
				CLANG_WARN_UNREACHABLE_CODE = YES;
				CLANG_WARN__DUPLICATE_METHOD_MATCH = YES;
				COPY_PHASE_STRIP = NO;
				ENABLE_STRICT_OBJC_MSGSEND = YES;
				GCC_C_LANGUAGE_STANDARD = gnu99;
				GCC_DYNAMIC_NO_PIC = NO;
				GCC_OPTIMIZATION_LEVEL = 0;
				GCC_PREPROCESSOR_DEFINITIONS = (
					"DEBUG=1",
					"$(inherited)",
				);
				GCC_SYMBOLS_PRIVATE_EXTERN = NO;
				GCC_WARN_64_TO_32_BIT_CONVERSION = YES;
				GCC_WARN_ABOUT_RETURN_TYPE = YES_ERROR;
				GCC_WARN_UNDECLARED_SELECTOR = YES;
				GCC_WARN_UNINITIALIZED_AUTOS = YES_AGGRESSIVE;
				GCC_WARN_UNUSED_FUNCTION = YES;
				GCC_WARN_UNUSED_VARIABLE = YES;
				IPHONEOS_DEPLOYMENT_TARGET = 8.1;
				MTL_ENABLE_DEBUG_INFO = YES;
				ONLY_ACTIVE_ARCH = YES;
				SDKROOT = iphoneos;
			};
			name = Debug;
		};
		C21E636A19EC812000EAFD7F /* Release */ = {
			isa = XCBuildConfiguration;
			buildSettings = {
				ALWAYS_SEARCH_USER_PATHS = NO;
				CLANG_CXX_LANGUAGE_STANDARD = "gnu++0x";
				CLANG_CXX_LIBRARY = "libc++";
				CLANG_ENABLE_MODULES = YES;
				CLANG_ENABLE_OBJC_ARC = YES;
				CLANG_WARN_BOOL_CONVERSION = YES;
				CLANG_WARN_CONSTANT_CONVERSION = YES;
				CLANG_WARN_DIRECT_OBJC_ISA_USAGE = YES_ERROR;
				CLANG_WARN_EMPTY_BODY = YES;
				CLANG_WARN_ENUM_CONVERSION = YES;
				CLANG_WARN_INT_CONVERSION = YES;
				CLANG_WARN_OBJC_ROOT_CLASS = YES_ERROR;
				CLANG_WARN_UNREACHABLE_CODE = YES;
				CLANG_WARN__DUPLICATE_METHOD_MATCH = YES;
				COPY_PHASE_STRIP = YES;
				ENABLE_NS_ASSERTIONS = NO;
				ENABLE_STRICT_OBJC_MSGSEND = YES;
				GCC_C_LANGUAGE_STANDARD = gnu99;
				GCC_WARN_64_TO_32_BIT_CONVERSION = YES;
				GCC_WARN_ABOUT_RETURN_TYPE = YES_ERROR;
				GCC_WARN_UNDECLARED_SELECTOR = YES;
				GCC_WARN_UNINITIALIZED_AUTOS = YES_AGGRESSIVE;
				GCC_WARN_UNUSED_FUNCTION = YES;
				GCC_WARN_UNUSED_VARIABLE = YES;
				IPHONEOS_DEPLOYMENT_TARGET = 8.1;
				MTL_ENABLE_DEBUG_INFO = NO;
				SDKROOT = iphoneos;
				VALIDATE_PRODUCT = YES;
			};
			name = Release;
		};
		C21E636C19EC812000EAFD7F /* Debug */ = {
			isa = XCBuildConfiguration;
			buildSettings = {
				CLANG_ENABLE_MODULES = YES;
				LD_RUNPATH_SEARCH_PATHS = "$(inherited) @executable_path/Frameworks @loader_path/Frameworks";
				OTHER_LDFLAGS = "-ObjC";
				PRODUCT_NAME = "$(TARGET_NAME)";
				SKIP_INSTALL = YES;
				SWIFT_OPTIMIZATION_LEVEL = "-Onone";
			};
			name = Debug;
		};
		C21E636D19EC812000EAFD7F /* Release */ = {
			isa = XCBuildConfiguration;
			buildSettings = {
				CLANG_ENABLE_MODULES = YES;
				LD_RUNPATH_SEARCH_PATHS = "$(inherited) @executable_path/Frameworks @loader_path/Frameworks";
				OTHER_LDFLAGS = "-ObjC";
				PRODUCT_NAME = "$(TARGET_NAME)";
				SKIP_INSTALL = YES;
			};
			name = Release;
		};
		C21E636F19EC812000EAFD7F /* Debug */ = {
			isa = XCBuildConfiguration;
			buildSettings = {
				CLANG_ENABLE_MODULES = YES;
				FRAMEWORK_SEARCH_PATHS = (
					"$(SDKROOT)/Developer/Library/Frameworks",
					"$(inherited)",
				);
				GCC_PREPROCESSOR_DEFINITIONS = (
					"DEBUG=1",
					"$(inherited)",
				);
				INFOPLIST_FILE = AlbumsTests/Info.plist;
				LD_RUNPATH_SEARCH_PATHS = "$(inherited) @executable_path/Frameworks @loader_path/Frameworks";
				PRODUCT_NAME = "$(TARGET_NAME)";
				SWIFT_OBJC_BRIDGING_HEADER = "AlbumsTests/AlbumsTests-Bridging-Header.h";
				SWIFT_OPTIMIZATION_LEVEL = "-Onone";
			};
			name = Debug;
		};
		C21E637019EC812000EAFD7F /* Release */ = {
			isa = XCBuildConfiguration;
			buildSettings = {
				CLANG_ENABLE_MODULES = YES;
				FRAMEWORK_SEARCH_PATHS = (
					"$(SDKROOT)/Developer/Library/Frameworks",
					"$(inherited)",
				);
				INFOPLIST_FILE = AlbumsTests/Info.plist;
				LD_RUNPATH_SEARCH_PATHS = "$(inherited) @executable_path/Frameworks @loader_path/Frameworks";
				PRODUCT_NAME = "$(TARGET_NAME)";
				SWIFT_OBJC_BRIDGING_HEADER = "AlbumsTests/AlbumsTests-Bridging-Header.h";
			};
			name = Release;
		};
/* End XCBuildConfiguration section */

/* Begin XCConfigurationList section */
		C21E635219EC812000EAFD7F /* Build configuration list for PBXProject "Albums" */ = {
			isa = XCConfigurationList;
			buildConfigurations = (
				C21E636919EC812000EAFD7F /* Debug */,
				C21E636A19EC812000EAFD7F /* Release */,
			);
			defaultConfigurationIsVisible = 0;
			defaultConfigurationName = Release;
		};
		C21E636B19EC812000EAFD7F /* Build configuration list for PBXNativeTarget "Albums" */ = {
			isa = XCConfigurationList;
			buildConfigurations = (
				C21E636C19EC812000EAFD7F /* Debug */,
				C21E636D19EC812000EAFD7F /* Release */,
			);
			defaultConfigurationIsVisible = 0;
			defaultConfigurationName = Release;
		};
		C21E636E19EC812000EAFD7F /* Build configuration list for PBXNativeTarget "AlbumsTests" */ = {
			isa = XCConfigurationList;
			buildConfigurations = (
				C21E636F19EC812000EAFD7F /* Debug */,
				C21E637019EC812000EAFD7F /* Release */,
			);
			defaultConfigurationIsVisible = 0;
			defaultConfigurationName = Release;
		};
/* End XCConfigurationList section */
	};
	rootObject = C21E634F19EC812000EAFD7F /* Project object */;
}
